// !$*UTF8*$!
{
	archiveVersion = 1;
	classes = {
	};
	objectVersion = 50;
	objects = {

/* Begin PBXBuildFile section */
		90D9BA90242D309600B66346 /* AppDelegate.swift in Sources */ = {isa = PBXBuildFile; fileRef = 90D9BA8F242D309600B66346 /* AppDelegate.swift */; };
		90D9BA92242D309600B66346 /* SceneDelegate.swift in Sources */ = {isa = PBXBuildFile; fileRef = 90D9BA91242D309600B66346 /* SceneDelegate.swift */; };
		90D9BA94242D309600B66346 /* ViewController.swift in Sources */ = {isa = PBXBuildFile; fileRef = 90D9BA93242D309600B66346 /* ViewController.swift */; };
		90D9BA97242D309600B66346 /* Main.storyboard in Resources */ = {isa = PBXBuildFile; fileRef = 90D9BA95242D309600B66346 /* Main.storyboard */; };
		90D9BA99242D309700B66346 /* Assets.xcassets in Resources */ = {isa = PBXBuildFile; fileRef = 90D9BA98242D309700B66346 /* Assets.xcassets */; };
		90D9BA9C242D309700B66346 /* LaunchScreen.storyboard in Resources */ = {isa = PBXBuildFile; fileRef = 90D9BA9A242D309700B66346 /* LaunchScreen.storyboard */; };
/* End PBXBuildFile section */

/* Begin PBXFileReference section */
		90D9BA8C242D309600B66346 /* Image Filters.app */ = {isa = PBXFileReference; explicitFileType = wrapper.application; includeInIndex = 0; path = "Image Filters.app"; sourceTree = BUILT_PRODUCTS_DIR; };
		90D9BA8F242D309600B66346 /* AppDelegate.swift */ = {isa = PBXFileReference; lastKnownFileType = sourcecode.swift; path = AppDelegate.swift; sourceTree = "<group>"; };
		90D9BA91242D309600B66346 /* SceneDelegate.swift */ = {isa = PBXFileReference; lastKnownFileType = sourcecode.swift; path = SceneDelegate.swift; sourceTree = "<group>"; };
		90D9BA93242D309600B66346 /* ViewController.swift */ = {isa = PBXFileReference; lastKnownFileType = sourcecode.swift; path = ViewController.swift; sourceTree = "<group>"; };
		90D9BA96242D309600B66346 /* Base */ = {isa = PBXFileReference; lastKnownFileType = file.storyboard; name = Base; path = Base.lproj/Main.storyboard; sourceTree = "<group>"; };
		90D9BA98242D309700B66346 /* Assets.xcassets */ = {isa = PBXFileReference; lastKnownFileType = folder.assetcatalog; path = Assets.xcassets; sourceTree = "<group>"; };
		90D9BA9B242D309700B66346 /* Base */ = {isa = PBXFileReference; lastKnownFileType = file.storyboard; name = Base; path = Base.lproj/LaunchScreen.storyboard; sourceTree = "<group>"; };
		90D9BA9D242D309700B66346 /* Info.plist */ = {isa = PBXFileReference; lastKnownFileType = text.plist.xml; path = Info.plist; sourceTree = "<group>"; };
/* End PBXFileReference section */

/* Begin PBXFrameworksBuildPhase section */
		90D9BA89242D309600B66346 /* Frameworks */ = {
			isa = PBXFrameworksBuildPhase;
			buildActionMask = 2147483647;
			files = (
			);
			runOnlyForDeploymentPostprocessing = 0;
		};
/* End PBXFrameworksBuildPhase section */

/* Begin PBXGroup section */
		90D9BA83242D309600B66346 = {
			isa = PBXGroup;
			children = (
				90D9BA8E242D309600B66346 /* Simple Face Detector */,
				90D9BA8D242D309600B66346 /* Products */,
			);
			sourceTree = "<group>";
		};
		90D9BA8D242D309600B66346 /* Products */ = {
			isa = PBXGroup;
			children = (
				90D9BA8C242D309600B66346 /* Image Filters.app */,
			);
			name = Products;
			sourceTree = "<group>";
		};
		90D9BA8E242D309600B66346 /* Simple Face Detector */ = {
			isa = PBXGroup;
			children = (
				90D9BA8F242D309600B66346 /* AppDelegate.swift */,
				90D9BA91242D309600B66346 /* SceneDelegate.swift */,
				90D9BA93242D309600B66346 /* ViewController.swift */,
				90D9BA95242D309600B66346 /* Main.storyboard */,
				90D9BA98242D309700B66346 /* Assets.xcassets */,
				90D9BA9A242D309700B66346 /* LaunchScreen.storyboard */,
				90D9BA9D242D309700B66346 /* Info.plist */,
			);
			path = "Simple Face Detector";
			sourceTree = "<group>";
		};
/* End PBXGroup section */

/* Begin PBXNativeTarget section */
		90D9BA8B242D309600B66346 /* Image Filters */ = {
			isa = PBXNativeTarget;
			buildConfigurationList = 90D9BAA0242D309700B66346 /* Build configuration list for PBXNativeTarget "Image Filters" */;
			buildPhases = (
				90D9BA88242D309600B66346 /* Sources */,
				90D9BA89242D309600B66346 /* Frameworks */,
				90D9BA8A242D309600B66346 /* Resources */,
			);
			buildRules = (
			);
			dependencies = (
			);
			name = "Image Filters";
			productName = "Simple Face Detector";
			productReference = 90D9BA8C242D309600B66346 /* Image Filters.app */;
			productType = "com.apple.product-type.application";
		};
/* End PBXNativeTarget section */

/* Begin PBXProject section */
		90D9BA84242D309600B66346 /* Project object */ = {
			isa = PBXProject;
			attributes = {
				LastSwiftUpdateCheck = 1130;
				LastUpgradeCheck = 1130;
				ORGANIZATIONNAME = "The Ace Coder";
				TargetAttributes = {
					90D9BA8B242D309600B66346 = {
						CreatedOnToolsVersion = 11.3;
					};
				};
			};
			buildConfigurationList = 90D9BA87242D309600B66346 /* Build configuration list for PBXProject "Image Filters" */;
			compatibilityVersion = "Xcode 9.3";
			developmentRegion = en;
			hasScannedForEncodings = 0;
			knownRegions = (
				en,
				Base,
			);
			mainGroup = 90D9BA83242D309600B66346;
			productRefGroup = 90D9BA8D242D309600B66346 /* Products */;
			projectDirPath = "";
			projectRoot = "";
			targets = (
				90D9BA8B242D309600B66346 /* Image Filters */,
			);
		};
/* End PBXProject section */

/* Begin PBXResourcesBuildPhase section */
		90D9BA8A242D309600B66346 /* Resources */ = {
			isa = PBXResourcesBuildPhase;
			buildActionMask = 2147483647;
			files = (
				90D9BA9C242D309700B66346 /* LaunchScreen.storyboard in Resources */,
				90D9BA99242D309700B66346 /* Assets.xcassets in Resources */,
				90D9BA97242D309600B66346 /* Main.storyboard in Resources */,
			);
			runOnlyForDeploymentPostprocessing = 0;
		};
/* End PBXResourcesBuildPhase section */

/* Begin PBXSourcesBuildPhase section */
		90D9BA88242D309600B66346 /* Sources */ = {
			isa = PBXSourcesBuildPhase;
			buildActionMask = 2147483647;
			files = (
				90D9BA94242D309600B66346 /* ViewController.swift in Sources */,
				90D9BA90242D309600B66346 /* AppDelegate.swift in Sources */,
				90D9BA92242D309600B66346 /* SceneDelegate.swift in Sources */,
			);
			runOnlyForDeploymentPostprocessing = 0;
		};
/* End PBXSourcesBuildPhase section */

/* Begin PBXVariantGroup section */
		90D9BA95242D309600B66346 /* Main.storyboard */ = {
			isa = PBXVariantGroup;
			children = (
				90D9BA96242D309600B66346 /* Base */,
			);
			name = Main.storyboard;
			sourceTree = "<group>";
		};
		90D9BA9A242D309700B66346 /* LaunchScreen.storyboard */ = {
			isa = PBXVariantGroup;
			children = (
				90D9BA9B242D309700B66346 /* Base */,
			);
			name = LaunchScreen.storyboard;
			sourceTree = "<group>";
		};
/* End PBXVariantGroup section */

/* Begin XCBuildConfiguration section */
		90D9BA9E242D309700B66346 /* Debug */ = {
			isa = XCBuildConfiguration;
			buildSettings = {
				ALWAYS_SEARCH_USER_PATHS = NO;
				CLANG_ANALYZER_NONNULL = YES;
				CLANG_ANALYZER_NUMBER_OBJECT_CONVERSION = YES_AGGRESSIVE;
				CLANG_CXX_LANGUAGE_STANDARD = "gnu++14";
				CLANG_CXX_LIBRARY = "libc++";
				CLANG_ENABLE_MODULES = YES;
				CLANG_ENABLE_OBJC_ARC = YES;
				CLANG_ENABLE_OBJC_WEAK = YES;
				CLANG_WARN_BLOCK_CAPTURE_AUTORELEASING = YES;
				CLANG_WARN_BOOL_CONVERSION = YES;
				CLANG_WARN_COMMA = YES;
				CLANG_WARN_CONSTANT_CONVERSION = YES;
				CLANG_WARN_DEPRECATED_OBJC_IMPLEMENTATIONS = YES;
				CLANG_WARN_DIRECT_OBJC_ISA_USAGE = YES_ERROR;
				CLANG_WARN_DOCUMENTATION_COMMENTS = YES;
				CLANG_WARN_EMPTY_BODY = YES;
				CLANG_WARN_ENUM_CONVERSION = YES;
				CLANG_WARN_INFINITE_RECURSION = YES;
				CLANG_WARN_INT_CONVERSION = YES;
				CLANG_WARN_NON_LITERAL_NULL_CONVERSION = YES;
				CLANG_WARN_OBJC_IMPLICIT_RETAIN_SELF = YES;
				CLANG_WARN_OBJC_LITERAL_CONVERSION = YES;
				CLANG_WARN_OBJC_ROOT_CLASS = YES_ERROR;
				CLANG_WARN_RANGE_LOOP_ANALYSIS = YES;
				CLANG_WARN_STRICT_PROTOTYPES = YES;
				CLANG_WARN_SUSPICIOUS_MOVE = YES;
				CLANG_WARN_UNGUARDED_AVAILABILITY = YES_AGGRESSIVE;
				CLANG_WARN_UNREACHABLE_CODE = YES;
				CLANG_WARN__DUPLICATE_METHOD_MATCH = YES;
				COPY_PHASE_STRIP = NO;
				DEBUG_INFORMATION_FORMAT = dwarf;
				ENABLE_STRICT_OBJC_MSGSEND = YES;
				ENABLE_TESTABILITY = YES;
				GCC_C_LANGUAGE_STANDARD = gnu11;
				GCC_DYNAMIC_NO_PIC = NO;
				GCC_NO_COMMON_BLOCKS = YES;
				GCC_OPTIMIZATION_LEVEL = 0;
				GCC_PREPROCESSOR_DEFINITIONS = (
					"DEBUG=1",
					"$(inherited)",
				);
				GCC_WARN_64_TO_32_BIT_CONVERSION = YES;
				GCC_WARN_ABOUT_RETURN_TYPE = YES_ERROR;
				GCC_WARN_UNDECLARED_SELECTOR = YES;
				GCC_WARN_UNINITIALIZED_AUTOS = YES_AGGRESSIVE;
				GCC_WARN_UNUSED_FUNCTION = YES;
				GCC_WARN_UNUSED_VARIABLE = YES;
				IPHONEOS_DEPLOYMENT_TARGET = 13.2;
				MTL_ENABLE_DEBUG_INFO = INCLUDE_SOURCE;
				MTL_FAST_MATH = YES;
				ONLY_ACTIVE_ARCH = YES;
				SDKROOT = iphoneos;
				SWIFT_ACTIVE_COMPILATION_CONDITIONS = DEBUG;
				SWIFT_OPTIMIZATION_LEVEL = "-Onone";
			};
			name = Debug;
		};
		90D9BA9F242D309700B66346 /* Release */ = {
			isa = XCBuildConfiguration;
			buildSettings = {
				ALWAYS_SEARCH_USER_PATHS = NO;
				CLANG_ANALYZER_NONNULL = YES;
				CLANG_ANALYZER_NUMBER_OBJECT_CONVERSION = YES_AGGRESSIVE;
				CLANG_CXX_LANGUAGE_STANDARD = "gnu++14";
				CLANG_CXX_LIBRARY = "libc++";
				CLANG_ENABLE_MODULES = YES;
				CLANG_ENABLE_OBJC_ARC = YES;
				CLANG_ENABLE_OBJC_WEAK = YES;
				CLANG_WARN_BLOCK_CAPTURE_AUTORELEASING = YES;
				CLANG_WARN_BOOL_CONVERSION = YES;
				CLANG_WARN_COMMA = YES;
				CLANG_WARN_CONSTANT_CONVERSION = YES;
				CLANG_WARN_DEPRECATED_OBJC_IMPLEMENTATIONS = YES;
				CLANG_WARN_DIRECT_OBJC_ISA_USAGE = YES_ERROR;
				CLANG_WARN_DOCUMENTATION_COMMENTS = YES;
				CLANG_WARN_EMPTY_BODY = YES;
				CLANG_WARN_ENUM_CONVERSION = YES;
				CLANG_WARN_INFINITE_RECURSION = YES;
				CLANG_WARN_INT_CONVERSION = YES;
				CLANG_WARN_NON_LITERAL_NULL_CONVERSION = YES;
				CLANG_WARN_OBJC_IMPLICIT_RETAIN_SELF = YES;
				CLANG_WARN_OBJC_LITERAL_CONVERSION = YES;
				CLANG_WARN_OBJC_ROOT_CLASS = YES_ERROR;
				CLANG_WARN_RANGE_LOOP_ANALYSIS = YES;
				CLANG_WARN_STRICT_PROTOTYPES = YES;
				CLANG_WARN_SUSPICIOUS_MOVE = YES;
				CLANG_WARN_UNGUARDED_AVAILABILITY = YES_AGGRESSIVE;
				CLANG_WARN_UNREACHABLE_CODE = YES;
				CLANG_WARN__DUPLICATE_METHOD_MATCH = YES;
				COPY_PHASE_STRIP = NO;
				DEBUG_INFORMATION_FORMAT = "dwarf-with-dsym";
				ENABLE_NS_ASSERTIONS = NO;
				ENABLE_STRICT_OBJC_MSGSEND = YES;
				GCC_C_LANGUAGE_STANDARD = gnu11;
				GCC_NO_COMMON_BLOCKS = YES;
				GCC_WARN_64_TO_32_BIT_CONVERSION = YES;
				GCC_WARN_ABOUT_RETURN_TYPE = YES_ERROR;
				GCC_WARN_UNDECLARED_SELECTOR = YES;
				GCC_WARN_UNINITIALIZED_AUTOS = YES_AGGRESSIVE;
				GCC_WARN_UNUSED_FUNCTION = YES;
				GCC_WARN_UNUSED_VARIABLE = YES;
				IPHONEOS_DEPLOYMENT_TARGET = 13.2;
				MTL_ENABLE_DEBUG_INFO = NO;
				MTL_FAST_MATH = YES;
				SDKROOT = iphoneos;
				SWIFT_COMPILATION_MODE = wholemodule;
				SWIFT_OPTIMIZATION_LEVEL = "-O";
				VALIDATE_PRODUCT = YES;
			};
			name = Release;
		};
		90D9BAA1242D309700B66346 /* Debug */ = {
			isa = XCBuildConfiguration;
			buildSettings = {
				ASSETCATALOG_COMPILER_APPICON_NAME = AppIcon;
				CODE_SIGN_STYLE = Automatic;
				DEVELOPMENT_TEAM = 4VJ9NZ58XD;
				INFOPLIST_FILE = "Simple Face Detector/Info.plist";
				LD_RUNPATH_SEARCH_PATHS = (
					"$(inherited)",
					"@executable_path/Frameworks",
				);
				PRODUCT_BUNDLE_IDENTIFIER = "ace.coder.Image-filters";
				PRODUCT_NAME = "Image Filters";
				SWIFT_VERSION = 5.0;
				TARGETED_DEVICE_FAMILY = "1,2";
			};
			name = Debug;
		};
		90D9BAA2242D309700B66346 /* Release */ = {
			isa = XCBuildConfiguration;
			buildSettings = {
				ASSETCATALOG_COMPILER_APPICON_NAME = AppIcon;
				CODE_SIGN_STYLE = Automatic;
				DEVELOPMENT_TEAM = 4VJ9NZ58XD;
				INFOPLIST_FILE = "Simple Face Detector/Info.plist";
				LD_RUNPATH_SEARCH_PATHS = (
					"$(inherited)",
					"@executable_path/Frameworks",
				);
				PRODUCT_BUNDLE_IDENTIFIER = "ace.coder.Image-filters";
				PRODUCT_NAME = "Image Filters";
				SWIFT_VERSION = 5.0;
				TARGETED_DEVICE_FAMILY = "1,2";
			};
			name = Release;
		};
/* End XCBuildConfiguration section */

/* Begin XCConfigurationList section */
		90D9BA87242D309600B66346 /* Build configuration list for PBXProject "Image Filters" */ = {
			isa = XCConfigurationList;
			buildConfigurations = (
				90D9BA9E242D309700B66346 /* Debug */,
				90D9BA9F242D309700B66346 /* Release */,
			);
			defaultConfigurationIsVisible = 0;
			defaultConfigurationName = Release;
		};
		90D9BAA0242D309700B66346 /* Build configuration list for PBXNativeTarget "Image Filters" */ = {
			isa = XCConfigurationList;
			buildConfigurations = (
				90D9BAA1242D309700B66346 /* Debug */,
				90D9BAA2242D309700B66346 /* Release */,
			);
			defaultConfigurationIsVisible = 0;
			defaultConfigurationName = Release;
		};
/* End XCConfigurationList section */
	};
	rootObject = 90D9BA84242D309600B66346 /* Project object */;
}
